{
  "name": "guia-do-trabalho-remoto",
  "version": "0.0.0",
  "lockfileVersion": 1,
  "dependencies": {
    "bootstrap": {
      "version": "3.3.7",
      "resolved": "https://registry.npmjs.org/bootstrap/-/bootstrap-3.3.7.tgz",
      "integrity": "sha1-WjiTlFSfIzMIdaOxUGVldPip63E=",
      "dev": true
    },
    "bootstrap-sass": {
      "version": "3.3.7",
      "resolved": "https://registry.npmjs.org/bootstrap-sass/-/bootstrap-sass-3.3.7.tgz",
      "integrity": "sha1-ZZbHq0D2Y3OTMjqwvIDQZPxjBJg=",
      "dev": true
    },
    "electric-base-components": {
      "version": "2.0.0-alpha.10",
      "resolved": "https://registry.npmjs.org/electric-base-components/-/electric-base-components-2.0.0-alpha.10.tgz",
      "integrity": "sha1-wC2OTxUKH602rblBF3UUszGS+Mc=",
      "dev": true
    },
    "electric-marble-components": {
      "version": "2.0.0-alpha.7",
      "resolved": "https://registry.npmjs.org/electric-marble-components/-/electric-marble-components-2.0.0-alpha.7.tgz",
      "integrity": "sha1-Upe0uthmrZWi3bDVj6+1qR3f0w4=",
      "dev": true
    },
    "html2incdom": {
      "version": "0.1.8",
      "resolved": "https://registry.npmjs.org/html2incdom/-/html2incdom-0.1.8.tgz",
      "integrity": "sha1-fiFFpaYKu0X6oopKrwmaP/KK91Y=",
      "dev": true
    },
    "incremental-dom": {
      "version": "0.5.1",
      "resolved": "https://registry.npmjs.org/incremental-dom/-/incremental-dom-0.5.1.tgz",
      "integrity": "sha1-UvRTnD6e7nzREqbaBS+3Fi/vsMM=",
      "dev": true
    },
    "incremental-dom-string": {
      "version": "0.0.2",
      "resolved": "https://registry.npmjs.org/incremental-dom-string/-/incremental-dom-string-0.0.2.tgz",
      "integrity": "sha512-vh6cTsw+fQNljhNg3/iDuawNjk79CS1sEqucal1DJY+aco/Mgpi+xjkUFMED41f6nzu1V0ialfC84wcW9nqZ2w==",
      "dev": true
    },
    "marble": {
      "version": "2.7.11",
      "resolved": "https://registry.npmjs.org/marble/-/marble-2.7.11.tgz",
      "integrity": "sha1-EojUc9Dx4KclAgjJ4eEKRKpE29I=",
      "dev": true
    },
    "mathsass": {
      "version": "0.9.5",
      "resolved": "https://registry.npmjs.org/mathsass/-/mathsass-0.9.5.tgz",
      "integrity": "sha1-pj6+AiFx6vguPVe18q09aH40ej4=",
      "dev": true
    },
    "metal": {
      "version": "2.13.0",
      "resolved": "https://registry.npmjs.org/metal/-/metal-2.13.0.tgz",
      "integrity": "sha512-sn2r0MRHlyyqSnW+9uf5AywgryZi997KKKejuxlBfBH1QjRDNX/hxcN921qCiGOVv+m9jqwdIe9ja11/rrgPUA==",
      "dev": true
    },
    "metal-affix": {
      "version": "2.0.0",
      "resolved": "https://registry.npmjs.org/metal-affix/-/metal-affix-2.0.0.tgz",
      "integrity": "sha1-FsTZFKYn0VIyoid2aRvyqxsM3jc=",
      "dev": true
    },
    "metal-ajax": {
      "version": "2.1.0",
      "resolved": "https://registry.npmjs.org/metal-ajax/-/metal-ajax-2.1.0.tgz",
      "integrity": "sha512-zktp7qnT8fVLSQaK4TOfcu+n5Uh6Y3a7pmPoZu7PxnRI43QLc5rMOFZzoOcrvGc1f6GiZN6eJmmRt+af9w3X8w==",
      "dev": true
    },
    "metal-autocomplete": {
      "version": "2.1.0",
      "resolved": "https://registry.npmjs.org/metal-autocomplete/-/metal-autocomplete-2.1.0.tgz",
      "integrity": "sha1-G1BD6BFfUSnqmzlRGLSNn+WqyzA=",
      "dev": true
    },
    "metal-clipboard": {
      "version": "2.0.0",
      "resolved": "https://registry.npmjs.org/metal-clipboard/-/metal-clipboard-2.0.0.tgz",
      "integrity": "sha1-wMmWova4H4QZfIbQ4iuBxmBe5fA=",
      "dev": true
    },
    "metal-component": {
      "version": "2.13.0",
      "resolved": "https://registry.npmjs.org/metal-component/-/metal-component-2.13.0.tgz",
      "integrity": "sha512-wP2thhFImOWkJE1CCP4ldqBnUa2rsmiHmG7Rwy+Dx5F6YReG6UgP6nVKqO9ATsz2iWGP9OgH6uqe7msiSAb06Q==",
      "dev": true
    },
    "metal-debounce": {
      "version": "2.0.0",
      "resolved": "https://registry.npmjs.org/metal-debounce/-/metal-debounce-2.0.0.tgz",
      "integrity": "sha1-JM9lmo94hKWepDGeIQc0KT2U8K0=",
      "dev": true
    },
    "metal-dom": {
      "version": "2.13.0",
      "resolved": "https://registry.npmjs.org/metal-dom/-/metal-dom-2.13.0.tgz",
      "integrity": "sha512-+qUbNoxNMcsyBQLsdsGNgNl830NcdPDSdUzSMK+1LzE4Iex+Bnh1+sokExnmzYbKiRuzEwKONhQNY/a5fYj6fg==",
      "dev": true
    },
    "metal-events": {
      "version": "2.13.0",
      "resolved": "https://registry.npmjs.org/metal-events/-/metal-events-2.13.0.tgz",
      "integrity": "sha512-Lt2wpNjmLl8UenoPVwKyUWGSi8Cg0ML0PERhTWBw8mbVYyWDF6GTNqhcsIX7nIZvoO9lllCE51HOzVuE5zzE8g==",
      "dev": true
    },
    "metal-incremental-dom": {
      "version": "2.13.1",
      "resolved": "https://registry.npmjs.org/metal-incremental-dom/-/metal-incremental-dom-2.13.1.tgz",
      "integrity": "sha512-idFEhouHIMp8RxMDnlRU6ZsGzawGUyEA5iCD7qvZ7t4DvDz5Bupa2MlPUzuwaV9QWcPkoYD7qfFNdlVj0eb0Ew==",
      "dev": true
    },
    "metal-keyboard-focus": {
      "version": "2.0.1",
      "resolved": "https://registry.npmjs.org/metal-keyboard-focus/-/metal-keyboard-focus-2.0.1.tgz",
      "integrity": "sha1-MjcExH2TtkD61ZmsZaDo3uWlBF8=",
      "dev": true
    },
    "metal-list": {
      "version": "2.0.4",
      "resolved": "https://registry.npmjs.org/metal-list/-/metal-list-2.0.4.tgz",
      "integrity": "sha1-A4cIoyfMOkzuAahwgG6Ls0DToQI=",
      "dev": true
    },
    "metal-position": {
      "version": "2.1.0",
      "resolved": "https://registry.npmjs.org/metal-position/-/metal-position-2.1.0.tgz",
      "integrity": "sha1-MdxzVhP55TznpTfhMCn8DpSP8IU=",
      "dev": true
    },
    "metal-promise": {
      "version": "2.0.1",
      "resolved": "https://registry.npmjs.org/metal-promise/-/metal-promise-2.0.1.tgz",
      "integrity": "sha1-KP9DIQ5MaeX/9R2/IB5K4v5vg9U=",
      "dev": true
    },
    "metal-reading-progress": {
      "version": "2.0.0",
      "resolved": "https://registry.npmjs.org/metal-reading-progress/-/metal-reading-progress-2.0.0.tgz",
      "integrity": "sha1-Kr93KnxznWJ5uQy5PeWC+lW5SA4=",
      "dev": true
    },
    "metal-scrollspy": {
      "version": "2.0.0",
      "resolved": "https://registry.npmjs.org/metal-scrollspy/-/metal-scrollspy-2.0.0.tgz",
      "integrity": "sha1-l7ISba+E4DzdjyeGmM4JA34cVHk=",
      "dev": true
    },
    "metal-soy": {
      "version": "2.13.1",
      "resolved": "https://registry.npmjs.org/metal-soy/-/metal-soy-2.13.1.tgz",
      "integrity": "sha512-yiLBXs9ClG0RA4FhoY0Fi34aZ/ewFSz4zt5FyfgN7DH35Wzn5xPmjmTv2kjDExitVW7+IrfYCZTG3H22CJYf0g==",
      "dev": true
    },
    "metal-soy-bundle": {
      "version": "2.13.1",
      "resolved": "https://registry.npmjs.org/metal-soy-bundle/-/metal-soy-bundle-2.13.1.tgz",
      "integrity": "sha512-HToaCjqWTW1K3tzL5kBI3BPCq1KTS44XQ9tXgooJAeIaR9frluXfygFzX5RNJ+LvMC4RqGPaIQaHgPW4w43IlA==",
      "dev": true
    },
    "metal-state": {
      "version": "2.13.0",
      "resolved": "https://registry.npmjs.org/metal-state/-/metal-state-2.13.0.tgz",
      "integrity": "sha512-rIYQyBfaE0sIAATEtLYByUkRmlkjHEG8J3XEKwnpnHWcAzzmGEKeXAVpH3CrCcdwC7e+jObAw6p9e7y/HSmC3Q==",
      "dev": true
    },
    "metal-structs": {
      "version": "1.0.1",
      "resolved": "https://registry.npmjs.org/metal-structs/-/metal-structs-1.0.1.tgz",
      "integrity": "sha1-VIJy9xjunXKeMHm3Sj8SVBQ9t1s=",
      "dev": true
    },
    "metal-tabs": {
      "version": "2.3.1",
      "resolved": "https://registry.npmjs.org/metal-tabs/-/metal-tabs-2.3.1.tgz",
      "integrity": "sha512-xqt/bjzFt7ERsFwk39aaYeZBYcr5MEweXsiKHrloIXOtes8rG1rBEs0yrTjABXGDOa+EAMUERjpp7qyLBbvShQ==",
      "dev": true
    },
    "metal-toggler": {
      "version": "2.2.0",
      "resolved": "https://registry.npmjs.org/metal-toggler/-/metal-toggler-2.2.0.tgz",
      "integrity": "sha1-svpGs/S8PQVOYWMM4+SItR+Dn5U=",
      "dev": true
    },
    "metal-tooltip": {
      "version": "2.0.3",
      "resolved": "https://registry.npmjs.org/metal-tooltip/-/metal-tooltip-2.0.3.tgz",
      "integrity": "sha1-FNJvszhgyB4A+DaWe0ivtdkQh1M=",
      "dev": true
    },
    "metal-uri": {
      "version": "2.2.6",
      "resolved": "https://registry.npmjs.org/metal-uri/-/metal-uri-2.2.6.tgz",
      "integrity": "sha512-j+hPueDxf5z5eVgtaIOEo1flwEIqNDhrrmiq5Wi3zZ0FEWlqC1g3ZC0I5sqHm1XV54PX0iSG23A66PfaxFg8fg==",
      "dev": true
    },
    "path-browserify": {
      "version": "0.0.0",
      "resolved": "https://registry.npmjs.org/path-browserify/-/path-browserify-0.0.0.tgz",
      "integrity": "sha1-oLhwcpquIUAFt9UDLsLLuw+0RRo=",
      "dev": true
    },
    "punycode": {
      "version": "1.3.2",
      "resolved": "https://registry.npmjs.org/punycode/-/punycode-1.3.2.tgz",
      "integrity": "sha1-llOgNvt8HuQjQvIyXM7v6jkmxI0=",
      "dev": true
    },
    "querystring": {
      "version": "0.2.0",
      "resolved": "https://registry.npmjs.org/querystring/-/querystring-0.2.0.tgz",
      "integrity": "sha1-sgmEkgO7Jd+CDadW50cAWHhSFiA=",
      "dev": true
    },
    "url": {
      "version": "0.11.0",
      "resolved": "https://registry.npmjs.org/url/-/url-0.11.0.tgz",
      "integrity": "sha1-ODjpfPxgUh63PFJajlW/3Z4uKPE=",
      "dev": true
    }
  }
}
